// !$*UTF8*$!
{
	archiveVersion = 1;
	classes = {
	};
	objectVersion = 46;
	objects = {

/* Begin PBXBuildFile section */
		392C44711C592CDA0055795C /* main.m in Sources */ = {isa = PBXBuildFile; fileRef = 392C44701C592CDA0055795C /* main.m */; };
		392C44741C592CDA0055795C /* AppDelegate.m in Sources */ = {isa = PBXBuildFile; fileRef = 392C44731C592CDA0055795C /* AppDelegate.m */; };
		392C447A1C592CDA0055795C /* Main.storyboard in Resources */ = {isa = PBXBuildFile; fileRef = 392C44781C592CDA0055795C /* Main.storyboard */; };
		392C447C1C592CDA0055795C /* Assets.xcassets in Resources */ = {isa = PBXBuildFile; fileRef = 392C447B1C592CDA0055795C /* Assets.xcassets */; };
		392C447F1C592CDA0055795C /* LaunchScreen.storyboard in Resources */ = {isa = PBXBuildFile; fileRef = 392C447D1C592CDA0055795C /* LaunchScreen.storyboard */; };
		392C44901C592F400055795C /* burningman.jpg in Resources */ = {isa = PBXBuildFile; fileRef = 392C44861C592F400055795C /* burningman.jpg */; settings = {ASSET_TAGS = (); }; };
		392C44911C592F400055795C /* camp reset.jpg in Resources */ = {isa = PBXBuildFile; fileRef = 392C44871C592F400055795C /* camp reset.jpg */; settings = {ASSET_TAGS = (); }; };
		392C44921C592F400055795C /* Gabriel.jpg in Resources */ = {isa = PBXBuildFile; fileRef = 392C44881C592F400055795C /* Gabriel.jpg */; settings = {ASSET_TAGS = (); }; };
		392C44931C592F400055795C /* Duo.jpg in Resources */ = {isa = PBXBuildFile; fileRef = 392C44891C592F400055795C /* Duo.jpg */; settings = {ASSET_TAGS = (); }; };
		392C44941C592F400055795C /* Milo1.jpg in Resources */ = {isa = PBXBuildFile; fileRef = 392C448A1C592F400055795C /* Milo1.jpg */; settings = {ASSET_TAGS = (); }; };
		392C44951C592F400055795C /* autumn.jpg in Resources */ = {isa = PBXBuildFile; fileRef = 392C448B1C592F400055795C /* autumn.jpg */; settings = {ASSET_TAGS = (); }; };
		392C44961C592F400055795C /* me chillin.jpg in Resources */ = {isa = PBXBuildFile; fileRef = 392C448C1C592F400055795C /* me chillin.jpg */; settings = {ASSET_TAGS = (); }; };
		392C44971C592F400055795C /* me chillin2.jpg in Resources */ = {isa = PBXBuildFile; fileRef = 392C448D1C592F400055795C /* me chillin2.jpg */; settings = {ASSET_TAGS = (); }; };
		392C44981C592F400055795C /* will lam.jpg in Resources */ = {isa = PBXBuildFile; fileRef = 392C448E1C592F400055795C /* will lam.jpg */; settings = {ASSET_TAGS = (); }; };
		392C44991C592F400055795C /* y.jpeg in Resources */ = {isa = PBXBuildFile; fileRef = 392C448F1C592F400055795C /* y.jpeg */; settings = {ASSET_TAGS = (); }; };
		392C449C1C593C670055795C /* CollectionViewController.m in Sources */ = {isa = PBXBuildFile; fileRef = 392C449B1C593C670055795C /* CollectionViewController.m */; settings = {ASSET_TAGS = (); }; };
		392C44A21C593CF30055795C /* CollectionViewCell.m in Sources */ = {isa = PBXBuildFile; fileRef = 392C44A11C593CF30055795C /* CollectionViewCell.m */; settings = {ASSET_TAGS = (); }; };
		392C44A51C593F8C0055795C /* Photo.m in Sources */ = {isa = PBXBuildFile; fileRef = 392C44A41C593F8C0055795C /* Photo.m */; settings = {ASSET_TAGS = (); }; };
/* End PBXBuildFile section */

/* Begin PBXFileReference section */
		392C446C1C592CDA0055795C /* instakilo.app */ = {isa = PBXFileReference; explicitFileType = wrapper.application; includeInIndex = 0; path = instakilo.app; sourceTree = BUILT_PRODUCTS_DIR; };
		392C44701C592CDA0055795C /* main.m */ = {isa = PBXFileReference; lastKnownFileType = sourcecode.c.objc; path = main.m; sourceTree = "<group>"; };
		392C44721C592CDA0055795C /* AppDelegate.h */ = {isa = PBXFileReference; lastKnownFileType = sourcecode.c.h; path = AppDelegate.h; sourceTree = "<group>"; };
		392C44731C592CDA0055795C /* AppDelegate.m */ = {isa = PBXFileReference; lastKnownFileType = sourcecode.c.objc; path = AppDelegate.m; sourceTree = "<group>"; };
		392C44791C592CDA0055795C /* Base */ = {isa = PBXFileReference; lastKnownFileType = file.storyboard; name = Base; path = Base.lproj/Main.storyboard; sourceTree = "<group>"; };
		392C447B1C592CDA0055795C /* Assets.xcassets */ = {isa = PBXFileReference; lastKnownFileType = folder.assetcatalog; path = Assets.xcassets; sourceTree = "<group>"; };
		392C447E1C592CDA0055795C /* Base */ = {isa = PBXFileReference; lastKnownFileType = file.storyboard; name = Base; path = Base.lproj/LaunchScreen.storyboard; sourceTree = "<group>"; };
		392C44801C592CDA0055795C /* Info.plist */ = {isa = PBXFileReference; lastKnownFileType = text.plist.xml; path = Info.plist; sourceTree = "<group>"; };
		392C44861C592F400055795C /* burningman.jpg */ = {isa = PBXFileReference; lastKnownFileType = image.jpeg; path = burningman.jpg; sourceTree = "<group>"; };
		392C44871C592F400055795C /* camp reset.jpg */ = {isa = PBXFileReference; lastKnownFileType = image.jpeg; path = "camp reset.jpg"; sourceTree = "<group>"; };
		392C44881C592F400055795C /* Gabriel.jpg */ = {isa = PBXFileReference; lastKnownFileType = image.jpeg; path = Gabriel.jpg; sourceTree = "<group>"; };
		392C44891C592F400055795C /* Duo.jpg */ = {isa = PBXFileReference; lastKnownFileType = image.jpeg; path = Duo.jpg; sourceTree = "<group>"; };
		392C448A1C592F400055795C /* Milo1.jpg */ = {isa = PBXFileReference; lastKnownFileType = image.jpeg; path = Milo1.jpg; sourceTree = "<group>"; };
		392C448B1C592F400055795C /* autumn.jpg */ = {isa = PBXFileReference; lastKnownFileType = image.jpeg; path = autumn.jpg; sourceTree = "<group>"; };
		392C448C1C592F400055795C /* me chillin.jpg */ = {isa = PBXFileReference; lastKnownFileType = image.jpeg; path = "me chillin.jpg"; sourceTree = "<group>"; };
		392C448D1C592F400055795C /* me chillin2.jpg */ = {isa = PBXFileReference; lastKnownFileType = image.jpeg; path = "me chillin2.jpg"; sourceTree = "<group>"; };
		392C448E1C592F400055795C /* will lam.jpg */ = {isa = PBXFileReference; lastKnownFileType = image.jpeg; path = "will lam.jpg"; sourceTree = "<group>"; };
		392C448F1C592F400055795C /* y.jpeg */ = {isa = PBXFileReference; lastKnownFileType = image.jpeg; path = y.jpeg; sourceTree = "<group>"; };
		392C449A1C593C670055795C /* CollectionViewController.h */ = {isa = PBXFileReference; fileEncoding = 4; lastKnownFileType = sourcecode.c.h; path = CollectionViewController.h; sourceTree = "<group>"; };
		392C449B1C593C670055795C /* CollectionViewController.m */ = {isa = PBXFileReference; fileEncoding = 4; lastKnownFileType = sourcecode.c.objc; path = CollectionViewController.m; sourceTree = "<group>"; };
		392C44A01C593CF30055795C /* CollectionViewCell.h */ = {isa = PBXFileReference; fileEncoding = 4; lastKnownFileType = sourcecode.c.h; path = CollectionViewCell.h; sourceTree = "<group>"; };
		392C44A11C593CF30055795C /* CollectionViewCell.m */ = {isa = PBXFileReference; fileEncoding = 4; lastKnownFileType = sourcecode.c.objc; path = CollectionViewCell.m; sourceTree = "<group>"; };
		392C44A31C593F8C0055795C /* Photo.h */ = {isa = PBXFileReference; fileEncoding = 4; lastKnownFileType = sourcecode.c.h; path = Photo.h; sourceTree = "<group>"; };
		392C44A41C593F8C0055795C /* Photo.m */ = {isa = PBXFileReference; fileEncoding = 4; lastKnownFileType = sourcecode.c.objc; path = Photo.m; sourceTree = "<group>"; };
/* End PBXFileReference section */

/* Begin PBXFrameworksBuildPhase section */
		392C44691C592CDA0055795C /* Frameworks */ = {
			isa = PBXFrameworksBuildPhase;
			buildActionMask = 2147483647;
			files = (
			);
			runOnlyForDeploymentPostprocessing = 0;
		};
/* End PBXFrameworksBuildPhase section */

/* Begin PBXGroup section */
		392C44631C592CDA0055795C = {
			isa = PBXGroup;
			children = (
				392C446E1C592CDA0055795C /* instakilo */,
				392C446D1C592CDA0055795C /* Products */,
			);
			sourceTree = "<group>";
		};
		392C446D1C592CDA0055795C /* Products */ = {
			isa = PBXGroup;
			children = (
				392C446C1C592CDA0055795C /* instakilo.app */,
			);
			name = Products;
			sourceTree = "<group>";
		};
		392C446E1C592CDA0055795C /* instakilo */ = {
			isa = PBXGroup;
			children = (
				392C44721C592CDA0055795C /* AppDelegate.h */,
				392C44731C592CDA0055795C /* AppDelegate.m */,
				392C449A1C593C670055795C /* CollectionViewController.h */,
				392C449B1C593C670055795C /* CollectionViewController.m */,
				392C44A01C593CF30055795C /* CollectionViewCell.h */,
				392C44A11C593CF30055795C /* CollectionViewCell.m */,
				392C44A31C593F8C0055795C /* Photo.h */,
				392C44A41C593F8C0055795C /* Photo.m */,
				392C44781C592CDA0055795C /* Main.storyboard */,
				392C447B1C592CDA0055795C /* Assets.xcassets */,
				392C447D1C592CDA0055795C /* LaunchScreen.storyboard */,
				392C44801C592CDA0055795C /* Info.plist */,
				392C446F1C592CDA0055795C /* Supporting Files */,
			);
			path = instakilo;
			sourceTree = "<group>";
		};
		392C446F1C592CDA0055795C /* Supporting Files */ = {
			isa = PBXGroup;
			children = (
				392C44861C592F400055795C /* burningman.jpg */,
				392C44871C592F400055795C /* camp reset.jpg */,
				392C44881C592F400055795C /* Gabriel.jpg */,
				392C44891C592F400055795C /* Duo.jpg */,
				392C448A1C592F400055795C /* Milo1.jpg */,
				392C448B1C592F400055795C /* autumn.jpg */,
				392C448C1C592F400055795C /* me chillin.jpg */,
				392C448D1C592F400055795C /* me chillin2.jpg */,
				392C448E1C592F400055795C /* will lam.jpg */,
				392C448F1C592F400055795C /* y.jpeg */,
				392C44701C592CDA0055795C /* main.m */,
			);
			name = "Supporting Files";
			sourceTree = "<group>";
		};
/* End PBXGroup section */

/* Begin PBXNativeTarget section */
		392C446B1C592CDA0055795C /* instakilo */ = {
			isa = PBXNativeTarget;
			buildConfigurationList = 392C44831C592CDA0055795C /* Build configuration list for PBXNativeTarget "instakilo" */;
			buildPhases = (
				392C44681C592CDA0055795C /* Sources */,
				392C44691C592CDA0055795C /* Frameworks */,
				392C446A1C592CDA0055795C /* Resources */,
			);
			buildRules = (
			);
			dependencies = (
			);
			name = instakilo;
			productName = instakilo;
			productReference = 392C446C1C592CDA0055795C /* instakilo.app */;
			productType = "com.apple.product-type.application";
		};
/* End PBXNativeTarget section */

/* Begin PBXProject section */
		392C44641C592CDA0055795C /* Project object */ = {
			isa = PBXProject;
			attributes = {
				LastUpgradeCheck = 0700;
				ORGANIZATIONNAME = "William Lam";
				TargetAttributes = {
					392C446B1C592CDA0055795C = {
						CreatedOnToolsVersion = 7.0.1;
						DevelopmentTeam = 7E24WC8BA8;
					};
				};
			};
			buildConfigurationList = 392C44671C592CDA0055795C /* Build configuration list for PBXProject "instakilo" */;
			compatibilityVersion = "Xcode 3.2";
			developmentRegion = English;
			hasScannedForEncodings = 0;
			knownRegions = (
				en,
				Base,
			);
			mainGroup = 392C44631C592CDA0055795C;
			productRefGroup = 392C446D1C592CDA0055795C /* Products */;
			projectDirPath = "";
			projectRoot = "";
			targets = (
				392C446B1C592CDA0055795C /* instakilo */,
			);
		};
/* End PBXProject section */

/* Begin PBXResourcesBuildPhase section */
		392C446A1C592CDA0055795C /* Resources */ = {
			isa = PBXResourcesBuildPhase;
			buildActionMask = 2147483647;
			files = (
				392C44991C592F400055795C /* y.jpeg in Resources */,
				392C447F1C592CDA0055795C /* LaunchScreen.storyboard in Resources */,
				392C44981C592F400055795C /* will lam.jpg in Resources */,
				392C44941C592F400055795C /* Milo1.jpg in Resources */,
				392C44921C592F400055795C /* Gabriel.jpg in Resources */,
				392C447C1C592CDA0055795C /* Assets.xcassets in Resources */,
				392C44911C592F400055795C /* camp reset.jpg in Resources */,
				392C44901C592F400055795C /* burningman.jpg in Resources */,
				392C447A1C592CDA0055795C /* Main.storyboard in Resources */,
				392C44951C592F400055795C /* autumn.jpg in Resources */,
				392C44961C592F400055795C /* me chillin.jpg in Resources */,
				392C44971C592F400055795C /* me chillin2.jpg in Resources */,
				392C44931C592F400055795C /* Duo.jpg in Resources */,
			);
			runOnlyForDeploymentPostprocessing = 0;
		};
/* End PBXResourcesBuildPhase section */

/* Begin PBXSourcesBuildPhase section */
		392C44681C592CDA0055795C /* Sources */ = {
			isa = PBXSourcesBuildPhase;
			buildActionMask = 2147483647;
			files = (
				392C44741C592CDA0055795C /* AppDelegate.m in Sources */,
				392C44711C592CDA0055795C /* main.m in Sources */,
				392C44A21C593CF30055795C /* CollectionViewCell.m in Sources */,
				392C44A51C593F8C0055795C /* Photo.m in Sources */,
				392C449C1C593C670055795C /* CollectionViewController.m in Sources */,
			);
			runOnlyForDeploymentPostprocessing = 0;
		};
/* End PBXSourcesBuildPhase section */

/* Begin PBXVariantGroup section */
		392C44781C592CDA0055795C /* Main.storyboard */ = {
			isa = PBXVariantGroup;
			children = (
				392C44791C592CDA0055795C /* Base */,
			);
			name = Main.storyboard;
			sourceTree = "<group>";
		};
		392C447D1C592CDA0055795C /* LaunchScreen.storyboard */ = {
			isa = PBXVariantGroup;
			children = (
				392C447E1C592CDA0055795C /* Base */,
			);
			name = LaunchScreen.storyboard;
			sourceTree = "<group>";
		};
/* End PBXVariantGroup section */

/* Begin XCBuildConfiguration section */
		392C44811C592CDA0055795C /* Debug */ = {
			isa = XCBuildConfiguration;
			buildSettings = {
				ALWAYS_SEARCH_USER_PATHS = NO;
				CLANG_CXX_LANGUAGE_STANDARD = "gnu++0x";
				CLANG_CXX_LIBRARY = "libc++";
				CLANG_ENABLE_MODULES = YES;
				CLANG_ENABLE_OBJC_ARC = YES;
				CLANG_WARN_BOOL_CONVERSION = YES;
				CLANG_WARN_CONSTANT_CONVERSION = YES;
				CLANG_WARN_DIRECT_OBJC_ISA_USAGE = YES_ERROR;
				CLANG_WARN_EMPTY_BODY = YES;
				CLANG_WARN_ENUM_CONVERSION = YES;
				CLANG_WARN_INT_CONVERSION = YES;
				CLANG_WARN_OBJC_ROOT_CLASS = YES_ERROR;
				CLANG_WARN_UNREACHABLE_CODE = YES;
				CLANG_WARN__DUPLICATE_METHOD_MATCH = YES;
				"CODE_SIGN_IDENTITY[sdk=iphoneos*]" = "iPhone Developer";
				COPY_PHASE_STRIP = NO;
				DEBUG_INFORMATION_FORMAT = dwarf;
				ENABLE_STRICT_OBJC_MSGSEND = YES;
				ENABLE_TESTABILITY = YES;
				GCC_C_LANGUAGE_STANDARD = gnu99;
				GCC_DYNAMIC_NO_PIC = NO;
				GCC_NO_COMMON_BLOCKS = YES;
				GCC_OPTIMIZATION_LEVEL = 0;
				GCC_PREPROCESSOR_DEFINITIONS = (
					"DEBUG=1",
					"$(inherited)",
				);
				GCC_WARN_64_TO_32_BIT_CONVERSION = YES;
				GCC_WARN_ABOUT_RETURN_TYPE = YES_ERROR;
				GCC_WARN_UNDECLARED_SELECTOR = YES;
				GCC_WARN_UNINITIALIZED_AUTOS = YES_AGGRESSIVE;
				GCC_WARN_UNUSED_FUNCTION = YES;
				GCC_WARN_UNUSED_VARIABLE = YES;
				IPHONEOS_DEPLOYMENT_TARGET = 9.0;
				MTL_ENABLE_DEBUG_INFO = YES;
				ONLY_ACTIVE_ARCH = YES;
				SDKROOT = iphoneos;
			};
			name = Debug;
		};
		392C44821C592CDA0055795C /* Release */ = {
			isa = XCBuildConfiguration;
			buildSettings = {
				ALWAYS_SEARCH_USER_PATHS = NO;
				CLANG_CXX_LANGUAGE_STANDARD = "gnu++0x";
				CLANG_CXX_LIBRARY = "libc++";
				CLANG_ENABLE_MODULES = YES;
				CLANG_ENABLE_OBJC_ARC = YES;
				CLANG_WARN_BOOL_CONVERSION = YES;
				CLANG_WARN_CONSTANT_CONVERSION = YES;
				CLANG_WARN_DIRECT_OBJC_ISA_USAGE = YES_ERROR;
				CLANG_WARN_EMPTY_BODY = YES;
				CLANG_WARN_ENUM_CONVERSION = YES;
				CLANG_WARN_INT_CONVERSION = YES;
				CLANG_WARN_OBJC_ROOT_CLASS = YES_ERROR;
				CLANG_WARN_UNREACHABLE_CODE = YES;
				CLANG_WARN__DUPLICATE_METHOD_MATCH = YES;
				"CODE_SIGN_IDENTITY[sdk=iphoneos*]" = "iPhone Developer";
				COPY_PHASE_STRIP = NO;
				DEBUG_INFORMATION_FORMAT = "dwarf-with-dsym";
				ENABLE_NS_ASSERTIONS = NO;
				ENABLE_STRICT_OBJC_MSGSEND = YES;
				GCC_C_LANGUAGE_STANDARD = gnu99;
				GCC_NO_COMMON_BLOCKS = YES;
				GCC_WARN_64_TO_32_BIT_CONVERSION = YES;
				GCC_WARN_ABOUT_RETURN_TYPE = YES_ERROR;
				GCC_WARN_UNDECLARED_SELECTOR = YES;
				GCC_WARN_UNINITIALIZED_AUTOS = YES_AGGRESSIVE;
				GCC_WARN_UNUSED_FUNCTION = YES;
				GCC_WARN_UNUSED_VARIABLE = YES;
				IPHONEOS_DEPLOYMENT_TARGET = 9.0;
				MTL_ENABLE_DEBUG_INFO = NO;
				SDKROOT = iphoneos;
				VALIDATE_PRODUCT = YES;
			};
			name = Release;
		};
		392C44841C592CDA0055795C /* Debug */ = {
			isa = XCBuildConfiguration;
			buildSettings = {
				ASSETCATALOG_COMPILER_APPICON_NAME = AppIcon;
				INFOPLIST_FILE = instakilo/Info.plist;
				LD_RUNPATH_SEARCH_PATHS = "$(inherited) @executable_path/Frameworks";
				PRODUCT_BUNDLE_IDENTIFIER = willlam.instakilo;
				PRODUCT_NAME = "$(TARGET_NAME)";
			};
			name = Debug;
		};
		392C44851C592CDA0055795C /* Release */ = {
			isa = XCBuildConfiguration;
			buildSettings = {
				ASSETCATALOG_COMPILER_APPICON_NAME = AppIcon;
				INFOPLIST_FILE = instakilo/Info.plist;
				LD_RUNPATH_SEARCH_PATHS = "$(inherited) @executable_path/Frameworks";
				PRODUCT_BUNDLE_IDENTIFIER = willlam.instakilo;
				PRODUCT_NAME = "$(TARGET_NAME)";
			};
			name = Release;
		};
/* End XCBuildConfiguration section */

/* Begin XCConfigurationList section */
		392C44671C592CDA0055795C /* Build configuration list for PBXProject "instakilo" */ = {
			isa = XCConfigurationList;
			buildConfigurations = (
				392C44811C592CDA0055795C /* Debug */,
				392C44821C592CDA0055795C /* Release */,
			);
			defaultConfigurationIsVisible = 0;
			defaultConfigurationName = Release;
		};
		392C44831C592CDA0055795C /* Build configuration list for PBXNativeTarget "instakilo" */ = {
			isa = XCConfigurationList;
			buildConfigurations = (
				392C44841C592CDA0055795C /* Debug */,
				392C44851C592CDA0055795C /* Release */,
			);
			defaultConfigurationIsVisible = 0;
		};
/* End XCConfigurationList section */
	};
	rootObject = 392C44641C592CDA0055795C /* Project object */;
}
